// !$*UTF8*$!
{
	archiveVersion = 1;
	classes = {
	};
	objectVersion = 52;
	objects = {

/* Begin PBXBuildFile section */
		BE08E3FC25273BF200C98E3F /* AppNavigationController.swift in Sources */ = {isa = PBXBuildFile; fileRef = BE08E3F825273BF200C98E3F /* AppNavigationController.swift */; };
		BE08E40625273C6900C98E3F /* UIColor+Extension.swift in Sources */ = {isa = PBXBuildFile; fileRef = BE08E40425273C6900C98E3F /* UIColor+Extension.swift */; };
		BE08E40725273C6900C98E3F /* UIFont+Extension.swift in Sources */ = {isa = PBXBuildFile; fileRef = BE08E40525273C6900C98E3F /* UIFont+Extension.swift */; };
		BE08E41425275E1C00C98E3F /* Coordinator.swift in Sources */ = {isa = PBXBuildFile; fileRef = BE08E41325275E1C00C98E3F /* Coordinator.swift */; };
		BE08E4712527670700C98E3F /* BaseCoordinator.swift in Sources */ = {isa = PBXBuildFile; fileRef = BE08E4702527670700C98E3F /* BaseCoordinator.swift */; };
		BE08E47925279FBC00C98E3F /* AppCoordinator.swift in Sources */ = {isa = PBXBuildFile; fileRef = BE08E47825279FBC00C98E3F /* AppCoordinator.swift */; };
		BE08E4802527A22B00C98E3F /* ProductViewController.swift in Sources */ = {isa = PBXBuildFile; fileRef = BE08E47F2527A22B00C98E3F /* ProductViewController.swift */; };
		BE08E4882527A24E00C98E3F /* ProductViewModel.swift in Sources */ = {isa = PBXBuildFile; fileRef = BE08E4872527A24E00C98E3F /* ProductViewModel.swift */; };
		BE08E48E2527A43A00C98E3F /* ProductViewControllersFactory.swift in Sources */ = {isa = PBXBuildFile; fileRef = BE08E48D2527A43A00C98E3F /* ProductViewControllersFactory.swift */; };
		BE08E4962527BA9D00C98E3F /* Product.storyboard in Resources */ = {isa = PBXBuildFile; fileRef = BE08E4952527BA9D00C98E3F /* Product.storyboard */; };
		BE08E49E2527C9A100C98E3F /* UIStoryboard+Extension.swift in Sources */ = {isa = PBXBuildFile; fileRef = BE08E49D2527C9A100C98E3F /* UIStoryboard+Extension.swift */; };
		BE08E4A72527D17300C98E3F /* ProductTableViewCell.swift in Sources */ = {isa = PBXBuildFile; fileRef = BE08E4A62527D17300C98E3F /* ProductTableViewCell.swift */; };
		BEA1E8DF252668FC003FF066 /* AppDelegate.swift in Sources */ = {isa = PBXBuildFile; fileRef = BEA1E8DE252668FC003FF066 /* AppDelegate.swift */; };
		BEA1E8E1252668FC003FF066 /* SceneDelegate.swift in Sources */ = {isa = PBXBuildFile; fileRef = BEA1E8E0252668FC003FF066 /* SceneDelegate.swift */; };
		BEA1E8E8252668FD003FF066 /* Assets.xcassets in Resources */ = {isa = PBXBuildFile; fileRef = BEA1E8E7252668FD003FF066 /* Assets.xcassets */; };
		BEA1E8EB252668FD003FF066 /* LaunchScreen.storyboard in Resources */ = {isa = PBXBuildFile; fileRef = BEA1E8E9252668FD003FF066 /* LaunchScreen.storyboard */; };
		BEA1E8F6252668FD003FF066 /* YogaProductsTests.swift in Sources */ = {isa = PBXBuildFile; fileRef = BEA1E8F5252668FD003FF066 /* YogaProductsTests.swift */; };
		BEA1E901252668FD003FF066 /* YogaProductsUITests.swift in Sources */ = {isa = PBXBuildFile; fileRef = BEA1E900252668FD003FF066 /* YogaProductsUITests.swift */; };
		BED42AAF2528A4B1007E8E21 /* ProductUseCase.swift in Sources */ = {isa = PBXBuildFile; fileRef = BED42AAE2528A4B1007E8E21 /* ProductUseCase.swift */; };
		BED42AB52528B7F3007E8E21 /* NetworkProductUseCase.swift in Sources */ = {isa = PBXBuildFile; fileRef = BED42AB42528B7F3007E8E21 /* NetworkProductUseCase.swift */; };
		BED42ABB2528B842007E8E21 /* Alamofire in Frameworks */ = {isa = PBXBuildFile; productRef = BED42ABA2528B842007E8E21 /* Alamofire */; };
		BED42AC22528C0BC007E8E21 /* Product.swift in Sources */ = {isa = PBXBuildFile; fileRef = BED42AC12528C0BC007E8E21 /* Product.swift */; };
		BED42ACA2528C13F007E8E21 /* ProductResponse.swift in Sources */ = {isa = PBXBuildFile; fileRef = BED42AC92528C13F007E8E21 /* ProductResponse.swift */; };
		BED42AD52528C72E007E8E21 /* ProductRowViewModel.swift in Sources */ = {isa = PBXBuildFile; fileRef = BED42AD42528C72E007E8E21 /* ProductRowViewModel.swift */; };
		BED42ADA2528C9A9007E8E21 /* UIKit+ReuseIdentifier.swift in Sources */ = {isa = PBXBuildFile; fileRef = BED42AD92528C9A9007E8E21 /* UIKit+ReuseIdentifier.swift */; };
		BED42ADF2528D4E4007E8E21 /* UIViewController+Extension.swift in Sources */ = {isa = PBXBuildFile; fileRef = BED42ADE2528D4E4007E8E21 /* UIViewController+Extension.swift */; };
		BED42AE82528F823007E8E21 /* Swinject in Frameworks */ = {isa = PBXBuildFile; productRef = BED42AE72528F823007E8E21 /* Swinject */; };
		BED42AED2528F848007E8E21 /* AppServiceLocator.swift in Sources */ = {isa = PBXBuildFile; fileRef = BED42AEC2528F848007E8E21 /* AppServiceLocator.swift */; };
		BED42AF8252904CA007E8E21 /* ProductCoordinator.swift in Sources */ = {isa = PBXBuildFile; fileRef = BED42AF7252904CA007E8E21 /* ProductCoordinator.swift */; };
		BED42AFE2529255A007E8E21 /* ProductDetailViewController.swift in Sources */ = {isa = PBXBuildFile; fileRef = BED42AFD2529255A007E8E21 /* ProductDetailViewController.swift */; };
		BED42B06252925BA007E8E21 /* ProductDetail.storyboard in Resources */ = {isa = PBXBuildFile; fileRef = BED42B05252925BA007E8E21 /* ProductDetail.storyboard */; };
/* End PBXBuildFile section */

/* Begin PBXContainerItemProxy section */
		BEA1E8F2252668FD003FF066 /* PBXContainerItemProxy */ = {
			isa = PBXContainerItemProxy;
			containerPortal = BEA1E8D3252668FB003FF066 /* Project object */;
			proxyType = 1;
			remoteGlobalIDString = BEA1E8DA252668FB003FF066;
			remoteInfo = YogaProducts;
		};
		BEA1E8FD252668FD003FF066 /* PBXContainerItemProxy */ = {
			isa = PBXContainerItemProxy;
			containerPortal = BEA1E8D3252668FB003FF066 /* Project object */;
			proxyType = 1;
			remoteGlobalIDString = BEA1E8DA252668FB003FF066;
			remoteInfo = YogaProducts;
		};
/* End PBXContainerItemProxy section */

/* Begin PBXFileReference section */
		BE08E3F825273BF200C98E3F /* AppNavigationController.swift */ = {isa = PBXFileReference; fileEncoding = 4; lastKnownFileType = sourcecode.swift; path = AppNavigationController.swift; sourceTree = "<group>"; };
		BE08E40425273C6900C98E3F /* UIColor+Extension.swift */ = {isa = PBXFileReference; fileEncoding = 4; lastKnownFileType = sourcecode.swift; path = "UIColor+Extension.swift"; sourceTree = "<group>"; };
		BE08E40525273C6900C98E3F /* UIFont+Extension.swift */ = {isa = PBXFileReference; fileEncoding = 4; lastKnownFileType = sourcecode.swift; path = "UIFont+Extension.swift"; sourceTree = "<group>"; };
		BE08E41325275E1C00C98E3F /* Coordinator.swift */ = {isa = PBXFileReference; lastKnownFileType = sourcecode.swift; path = Coordinator.swift; sourceTree = "<group>"; };
		BE08E4702527670700C98E3F /* BaseCoordinator.swift */ = {isa = PBXFileReference; lastKnownFileType = sourcecode.swift; path = BaseCoordinator.swift; sourceTree = "<group>"; };
		BE08E47825279FBC00C98E3F /* AppCoordinator.swift */ = {isa = PBXFileReference; lastKnownFileType = sourcecode.swift; path = AppCoordinator.swift; sourceTree = "<group>"; };
		BE08E47F2527A22B00C98E3F /* ProductViewController.swift */ = {isa = PBXFileReference; lastKnownFileType = sourcecode.swift; path = ProductViewController.swift; sourceTree = "<group>"; };
		BE08E4872527A24E00C98E3F /* ProductViewModel.swift */ = {isa = PBXFileReference; lastKnownFileType = sourcecode.swift; path = ProductViewModel.swift; sourceTree = "<group>"; };
		BE08E48D2527A43A00C98E3F /* ProductViewControllersFactory.swift */ = {isa = PBXFileReference; lastKnownFileType = sourcecode.swift; path = ProductViewControllersFactory.swift; sourceTree = "<group>"; };
		BE08E4952527BA9D00C98E3F /* Product.storyboard */ = {isa = PBXFileReference; lastKnownFileType = file.storyboard; path = Product.storyboard; sourceTree = "<group>"; };
		BE08E49D2527C9A100C98E3F /* UIStoryboard+Extension.swift */ = {isa = PBXFileReference; lastKnownFileType = sourcecode.swift; path = "UIStoryboard+Extension.swift"; sourceTree = "<group>"; };
		BE08E4A62527D17300C98E3F /* ProductTableViewCell.swift */ = {isa = PBXFileReference; lastKnownFileType = sourcecode.swift; path = ProductTableViewCell.swift; sourceTree = "<group>"; };
		BEA1E8DB252668FC003FF066 /* YogaProducts.app */ = {isa = PBXFileReference; explicitFileType = wrapper.application; includeInIndex = 0; path = YogaProducts.app; sourceTree = BUILT_PRODUCTS_DIR; };
		BEA1E8DE252668FC003FF066 /* AppDelegate.swift */ = {isa = PBXFileReference; lastKnownFileType = sourcecode.swift; path = AppDelegate.swift; sourceTree = "<group>"; };
		BEA1E8E0252668FC003FF066 /* SceneDelegate.swift */ = {isa = PBXFileReference; lastKnownFileType = sourcecode.swift; path = SceneDelegate.swift; sourceTree = "<group>"; };
		BEA1E8E7252668FD003FF066 /* Assets.xcassets */ = {isa = PBXFileReference; lastKnownFileType = folder.assetcatalog; path = Assets.xcassets; sourceTree = "<group>"; };
		BEA1E8EA252668FD003FF066 /* Base */ = {isa = PBXFileReference; lastKnownFileType = file.storyboard; name = Base; path = Base.lproj/LaunchScreen.storyboard; sourceTree = "<group>"; };
		BEA1E8EC252668FD003FF066 /* Info.plist */ = {isa = PBXFileReference; lastKnownFileType = text.plist.xml; path = Info.plist; sourceTree = "<group>"; };
		BEA1E8F1252668FD003FF066 /* YogaProductsTests.xctest */ = {isa = PBXFileReference; explicitFileType = wrapper.cfbundle; includeInIndex = 0; path = YogaProductsTests.xctest; sourceTree = BUILT_PRODUCTS_DIR; };
		BEA1E8F5252668FD003FF066 /* YogaProductsTests.swift */ = {isa = PBXFileReference; lastKnownFileType = sourcecode.swift; path = YogaProductsTests.swift; sourceTree = "<group>"; };
		BEA1E8F7252668FD003FF066 /* Info.plist */ = {isa = PBXFileReference; lastKnownFileType = text.plist.xml; path = Info.plist; sourceTree = "<group>"; };
		BEA1E8FC252668FD003FF066 /* YogaProductsUITests.xctest */ = {isa = PBXFileReference; explicitFileType = wrapper.cfbundle; includeInIndex = 0; path = YogaProductsUITests.xctest; sourceTree = BUILT_PRODUCTS_DIR; };
		BEA1E900252668FD003FF066 /* YogaProductsUITests.swift */ = {isa = PBXFileReference; lastKnownFileType = sourcecode.swift; path = YogaProductsUITests.swift; sourceTree = "<group>"; };
		BEA1E902252668FD003FF066 /* Info.plist */ = {isa = PBXFileReference; lastKnownFileType = text.plist.xml; path = Info.plist; sourceTree = "<group>"; };
		BED42AAE2528A4B1007E8E21 /* ProductUseCase.swift */ = {isa = PBXFileReference; lastKnownFileType = sourcecode.swift; path = ProductUseCase.swift; sourceTree = "<group>"; };
		BED42AB42528B7F3007E8E21 /* NetworkProductUseCase.swift */ = {isa = PBXFileReference; lastKnownFileType = sourcecode.swift; path = NetworkProductUseCase.swift; sourceTree = "<group>"; };
		BED42AC12528C0BC007E8E21 /* Product.swift */ = {isa = PBXFileReference; lastKnownFileType = sourcecode.swift; path = Product.swift; sourceTree = "<group>"; };
		BED42AC92528C13F007E8E21 /* ProductResponse.swift */ = {isa = PBXFileReference; lastKnownFileType = sourcecode.swift; path = ProductResponse.swift; sourceTree = "<group>"; };
		BED42AD42528C72E007E8E21 /* ProductRowViewModel.swift */ = {isa = PBXFileReference; lastKnownFileType = sourcecode.swift; path = ProductRowViewModel.swift; sourceTree = "<group>"; };
		BED42AD92528C9A9007E8E21 /* UIKit+ReuseIdentifier.swift */ = {isa = PBXFileReference; fileEncoding = 4; lastKnownFileType = sourcecode.swift; path = "UIKit+ReuseIdentifier.swift"; sourceTree = "<group>"; };
		BED42ADE2528D4E4007E8E21 /* UIViewController+Extension.swift */ = {isa = PBXFileReference; lastKnownFileType = sourcecode.swift; path = "UIViewController+Extension.swift"; sourceTree = "<group>"; };
		BED42AEC2528F848007E8E21 /* AppServiceLocator.swift */ = {isa = PBXFileReference; lastKnownFileType = sourcecode.swift; path = AppServiceLocator.swift; sourceTree = "<group>"; };
		BED42AF7252904CA007E8E21 /* ProductCoordinator.swift */ = {isa = PBXFileReference; lastKnownFileType = sourcecode.swift; path = ProductCoordinator.swift; sourceTree = "<group>"; };
		BED42AFD2529255A007E8E21 /* ProductDetailViewController.swift */ = {isa = PBXFileReference; lastKnownFileType = sourcecode.swift; path = ProductDetailViewController.swift; sourceTree = "<group>"; };
		BED42B05252925BA007E8E21 /* ProductDetail.storyboard */ = {isa = PBXFileReference; lastKnownFileType = file.storyboard; path = ProductDetail.storyboard; sourceTree = "<group>"; };
/* End PBXFileReference section */

/* Begin PBXFrameworksBuildPhase section */
		BEA1E8D8252668FB003FF066 /* Frameworks */ = {
			isa = PBXFrameworksBuildPhase;
			buildActionMask = 2147483647;
			files = (
				BED42ABB2528B842007E8E21 /* Alamofire in Frameworks */,
				BED42AE82528F823007E8E21 /* Swinject in Frameworks */,
			);
			runOnlyForDeploymentPostprocessing = 0;
		};
		BEA1E8EE252668FD003FF066 /* Frameworks */ = {
			isa = PBXFrameworksBuildPhase;
			buildActionMask = 2147483647;
			files = (
			);
			runOnlyForDeploymentPostprocessing = 0;
		};
		BEA1E8F9252668FD003FF066 /* Frameworks */ = {
			isa = PBXFrameworksBuildPhase;
			buildActionMask = 2147483647;
			files = (
			);
			runOnlyForDeploymentPostprocessing = 0;
		};
/* End PBXFrameworksBuildPhase section */

/* Begin PBXGroup section */
		BE08E3F225273BF200C98E3F /* Common */ = {
			isa = PBXGroup;
			children = (
				BE08E41225275DFD00C98E3F /* Coordinator */,
				BE08E40325273C3F00C98E3F /* Extensions */,
				BE08E3F325273BF200C98E3F /* Controllers */,
			);
			path = Common;
			sourceTree = "<group>";
		};
		BE08E3F325273BF200C98E3F /* Controllers */ = {
			isa = PBXGroup;
			children = (
				BE08E3F825273BF200C98E3F /* AppNavigationController.swift */,
			);
			path = Controllers;
			sourceTree = "<group>";
		};
		BE08E40325273C3F00C98E3F /* Extensions */ = {
			isa = PBXGroup;
			children = (
				BED42AD92528C9A9007E8E21 /* UIKit+ReuseIdentifier.swift */,
				BE08E40425273C6900C98E3F /* UIColor+Extension.swift */,
				BE08E40525273C6900C98E3F /* UIFont+Extension.swift */,
				BE08E49D2527C9A100C98E3F /* UIStoryboard+Extension.swift */,
				BED42ADE2528D4E4007E8E21 /* UIViewController+Extension.swift */,
			);
			path = Extensions;
			sourceTree = "<group>";
		};
		BE08E4112527430B00C98E3F /* Features */ = {
			isa = PBXGroup;
			children = (
				BED42ABF2528BFD0007E8E21 /* DataProviders */,
				BE08E48C2527A3C500C98E3F /* SceneFactories */,
				BE08E47D2527A14E00C98E3F /* Scenes */,
			);
			path = Features;
			sourceTree = "<group>";
		};
		BE08E41225275DFD00C98E3F /* Coordinator */ = {
			isa = PBXGroup;
			children = (
				BE08E41325275E1C00C98E3F /* Coordinator.swift */,
				BE08E4702527670700C98E3F /* BaseCoordinator.swift */,
			);
			path = Coordinator;
			sourceTree = "<group>";
		};
		BE08E47D2527A14E00C98E3F /* Scenes */ = {
			isa = PBXGroup;
			children = (
				BE08E47E2527A15900C98E3F /* Product */,
				BED42AFC25292535007E8E21 /* ProductDetail */,
			);
			path = Scenes;
			sourceTree = "<group>";
		};
		BE08E47E2527A15900C98E3F /* Product */ = {
			isa = PBXGroup;
			children = (
				BE08E4A52527CFA100C98E3F /* Cell */,
				BE08E47F2527A22B00C98E3F /* ProductViewController.swift */,
				BE08E4872527A24E00C98E3F /* ProductViewModel.swift */,
				BE08E4952527BA9D00C98E3F /* Product.storyboard */,
				BED42AF7252904CA007E8E21 /* ProductCoordinator.swift */,
			);
			path = Product;
			sourceTree = "<group>";
		};
		BE08E48C2527A3C500C98E3F /* SceneFactories */ = {
			isa = PBXGroup;
			children = (
				BE08E48D2527A43A00C98E3F /* ProductViewControllersFactory.swift */,
			);
			path = SceneFactories;
			sourceTree = "<group>";
		};
		BE08E4A52527CFA100C98E3F /* Cell */ = {
			isa = PBXGroup;
			children = (
				BE08E4A62527D17300C98E3F /* ProductTableViewCell.swift */,
				BED42AD42528C72E007E8E21 /* ProductRowViewModel.swift */,
			);
			path = Cell;
			sourceTree = "<group>";
		};
		BEA1E8D2252668FB003FF066 = {
			isa = PBXGroup;
			children = (
				BEA1E8DD252668FC003FF066 /* YogaProducts */,
				BEA1E8F4252668FD003FF066 /* YogaProductsTests */,
				BEA1E8FF252668FD003FF066 /* YogaProductsUITests */,
				BEA1E8DC252668FC003FF066 /* Products */,
			);
			sourceTree = "<group>";
		};
		BEA1E8DC252668FC003FF066 /* Products */ = {
			isa = PBXGroup;
			children = (
				BEA1E8DB252668FC003FF066 /* YogaProducts.app */,
				BEA1E8F1252668FD003FF066 /* YogaProductsTests.xctest */,
				BEA1E8FC252668FD003FF066 /* YogaProductsUITests.xctest */,
			);
			name = Products;
			sourceTree = "<group>";
		};
		BEA1E8DD252668FC003FF066 /* YogaProducts */ = {
			isa = PBXGroup;
			children = (
				BEA1E91125267197003FF066 /* ApplicationSetup */,
				BE08E3F225273BF200C98E3F /* Common */,
				BE08E4112527430B00C98E3F /* Features */,
				BEA1E91825267335003FF066 /* Resources */,
			);
			path = YogaProducts;
			sourceTree = "<group>";
		};
		BEA1E8F4252668FD003FF066 /* YogaProductsTests */ = {
			isa = PBXGroup;
			children = (
				BEA1E8F5252668FD003FF066 /* YogaProductsTests.swift */,
				BEA1E8F7252668FD003FF066 /* Info.plist */,
			);
			path = YogaProductsTests;
			sourceTree = "<group>";
		};
		BEA1E8FF252668FD003FF066 /* YogaProductsUITests */ = {
			isa = PBXGroup;
			children = (
				BEA1E900252668FD003FF066 /* YogaProductsUITests.swift */,
				BEA1E902252668FD003FF066 /* Info.plist */,
			);
			path = YogaProductsUITests;
			sourceTree = "<group>";
		};
		BEA1E91125267197003FF066 /* ApplicationSetup */ = {
			isa = PBXGroup;
			children = (
				BEA1E8E0252668FC003FF066 /* SceneDelegate.swift */,
				BEA1E8DE252668FC003FF066 /* AppDelegate.swift */,
				BE08E47825279FBC00C98E3F /* AppCoordinator.swift */,
				BED42AEC2528F848007E8E21 /* AppServiceLocator.swift */,
			);
			path = ApplicationSetup;
			sourceTree = "<group>";
		};
		BEA1E91825267335003FF066 /* Resources */ = {
			isa = PBXGroup;
			children = (
				BEA1E8EC252668FD003FF066 /* Info.plist */,
				BEA1E8E7252668FD003FF066 /* Assets.xcassets */,
				BEA1E8E9252668FD003FF066 /* LaunchScreen.storyboard */,
			);
			path = Resources;
			sourceTree = "<group>";
		};
		BED42AAD2528A499007E8E21 /* UseCases */ = {
			isa = PBXGroup;
			children = (
				BED42AAE2528A4B1007E8E21 /* ProductUseCase.swift */,
			);
			path = UseCases;
			sourceTree = "<group>";
		};
		BED42AB32528B6D4007E8E21 /* Network */ = {
			isa = PBXGroup;
			children = (
				BED42AB42528B7F3007E8E21 /* NetworkProductUseCase.swift */,
			);
			path = Network;
			sourceTree = "<group>";
		};
		BED42ABF2528BFD0007E8E21 /* DataProviders */ = {
			isa = PBXGroup;
			children = (
				BED42AC02528C065007E8E21 /* Entities */,
				BED42AB32528B6D4007E8E21 /* Network */,
				BED42AAD2528A499007E8E21 /* UseCases */,
			);
			path = DataProviders;
			sourceTree = "<group>";
		};
		BED42AC02528C065007E8E21 /* Entities */ = {
			isa = PBXGroup;
			children = (
				BED42AC92528C13F007E8E21 /* ProductResponse.swift */,
				BED42AC12528C0BC007E8E21 /* Product.swift */,
			);
			path = Entities;
			sourceTree = "<group>";
		};
		BED42AFC25292535007E8E21 /* ProductDetail */ = {
			isa = PBXGroup;
			children = (
				BED42AFD2529255A007E8E21 /* ProductDetailViewController.swift */,
				BED42B05252925BA007E8E21 /* ProductDetail.storyboard */,
			);
			path = ProductDetail;
			sourceTree = "<group>";
		};
/* End PBXGroup section */

/* Begin PBXNativeTarget section */
		BEA1E8DA252668FB003FF066 /* YogaProducts */ = {
			isa = PBXNativeTarget;
			buildConfigurationList = BEA1E905252668FD003FF066 /* Build configuration list for PBXNativeTarget "YogaProducts" */;
			buildPhases = (
				BEA1E8D7252668FB003FF066 /* Sources */,
				BEA1E8D8252668FB003FF066 /* Frameworks */,
				BEA1E8D9252668FB003FF066 /* Resources */,
			);
			buildRules = (
			);
			dependencies = (
			);
			name = YogaProducts;
			packageProductDependencies = (
				BED42ABA2528B842007E8E21 /* Alamofire */,
				BED42AE72528F823007E8E21 /* Swinject */,
			);
			productName = YogaProducts;
			productReference = BEA1E8DB252668FC003FF066 /* YogaProducts.app */;
			productType = "com.apple.product-type.application";
		};
		BEA1E8F0252668FD003FF066 /* YogaProductsTests */ = {
			isa = PBXNativeTarget;
			buildConfigurationList = BEA1E908252668FD003FF066 /* Build configuration list for PBXNativeTarget "YogaProductsTests" */;
			buildPhases = (
				BEA1E8ED252668FD003FF066 /* Sources */,
				BEA1E8EE252668FD003FF066 /* Frameworks */,
				BEA1E8EF252668FD003FF066 /* Resources */,
			);
			buildRules = (
			);
			dependencies = (
				BEA1E8F3252668FD003FF066 /* PBXTargetDependency */,
			);
			name = YogaProductsTests;
			productName = YogaProductsTests;
			productReference = BEA1E8F1252668FD003FF066 /* YogaProductsTests.xctest */;
			productType = "com.apple.product-type.bundle.unit-test";
		};
		BEA1E8FB252668FD003FF066 /* YogaProductsUITests */ = {
			isa = PBXNativeTarget;
			buildConfigurationList = BEA1E90B252668FD003FF066 /* Build configuration list for PBXNativeTarget "YogaProductsUITests" */;
			buildPhases = (
				BEA1E8F8252668FD003FF066 /* Sources */,
				BEA1E8F9252668FD003FF066 /* Frameworks */,
				BEA1E8FA252668FD003FF066 /* Resources */,
			);
			buildRules = (
			);
			dependencies = (
				BEA1E8FE252668FD003FF066 /* PBXTargetDependency */,
			);
			name = YogaProductsUITests;
			productName = YogaProductsUITests;
			productReference = BEA1E8FC252668FD003FF066 /* YogaProductsUITests.xctest */;
			productType = "com.apple.product-type.bundle.ui-testing";
		};
/* End PBXNativeTarget section */

/* Begin PBXProject section */
		BEA1E8D3252668FB003FF066 /* Project object */ = {
			isa = PBXProject;
			attributes = {
				LastSwiftUpdateCheck = 1200;
				LastUpgradeCheck = 1200;
				TargetAttributes = {
					BEA1E8DA252668FB003FF066 = {
						CreatedOnToolsVersion = 12.0.1;
					};
					BEA1E8F0252668FD003FF066 = {
						CreatedOnToolsVersion = 12.0.1;
						TestTargetID = BEA1E8DA252668FB003FF066;
					};
					BEA1E8FB252668FD003FF066 = {
						CreatedOnToolsVersion = 12.0.1;
						TestTargetID = BEA1E8DA252668FB003FF066;
					};
				};
			};
			buildConfigurationList = BEA1E8D6252668FB003FF066 /* Build configuration list for PBXProject "YogaProducts" */;
			compatibilityVersion = "Xcode 9.3";
			developmentRegion = en;
			hasScannedForEncodings = 0;
			knownRegions = (
				en,
				Base,
			);
			mainGroup = BEA1E8D2252668FB003FF066;
			packageReferences = (
				BED42AB92528B842007E8E21 /* XCRemoteSwiftPackageReference "Alamofire" */,
				BED42AE62528F823007E8E21 /* XCRemoteSwiftPackageReference "Swinject" */,
			);
			productRefGroup = BEA1E8DC252668FC003FF066 /* Products */;
			projectDirPath = "";
			projectRoot = "";
			targets = (
				BEA1E8DA252668FB003FF066 /* YogaProducts */,
				BEA1E8F0252668FD003FF066 /* YogaProductsTests */,
				BEA1E8FB252668FD003FF066 /* YogaProductsUITests */,
			);
		};
/* End PBXProject section */

/* Begin PBXResourcesBuildPhase section */
		BEA1E8D9252668FB003FF066 /* Resources */ = {
			isa = PBXResourcesBuildPhase;
			buildActionMask = 2147483647;
			files = (
				BEA1E8EB252668FD003FF066 /* LaunchScreen.storyboard in Resources */,
				BEA1E8E8252668FD003FF066 /* Assets.xcassets in Resources */,
				BE08E4962527BA9D00C98E3F /* Product.storyboard in Resources */,
				BED42B06252925BA007E8E21 /* ProductDetail.storyboard in Resources */,
			);
			runOnlyForDeploymentPostprocessing = 0;
		};
		BEA1E8EF252668FD003FF066 /* Resources */ = {
			isa = PBXResourcesBuildPhase;
			buildActionMask = 2147483647;
			files = (
			);
			runOnlyForDeploymentPostprocessing = 0;
		};
		BEA1E8FA252668FD003FF066 /* Resources */ = {
			isa = PBXResourcesBuildPhase;
			buildActionMask = 2147483647;
			files = (
			);
			runOnlyForDeploymentPostprocessing = 0;
		};
/* End PBXResourcesBuildPhase section */

/* Begin PBXSourcesBuildPhase section */
		BEA1E8D7252668FB003FF066 /* Sources */ = {
			isa = PBXSourcesBuildPhase;
			buildActionMask = 2147483647;
			files = (
				BEA1E8DF252668FC003FF066 /* AppDelegate.swift in Sources */,
				BE08E3FC25273BF200C98E3F /* AppNavigationController.swift in Sources */,
				BE08E49E2527C9A100C98E3F /* UIStoryboard+Extension.swift in Sources */,
				BED42AD52528C72E007E8E21 /* ProductRowViewModel.swift in Sources */,
				BED42ADA2528C9A9007E8E21 /* UIKit+ReuseIdentifier.swift in Sources */,
				BED42AED2528F848007E8E21 /* AppServiceLocator.swift in Sources */,
				BE08E41425275E1C00C98E3F /* Coordinator.swift in Sources */,
				BEA1E8E1252668FC003FF066 /* SceneDelegate.swift in Sources */,
				BED42AF8252904CA007E8E21 /* ProductCoordinator.swift in Sources */,
				BE08E4882527A24E00C98E3F /* ProductViewModel.swift in Sources */,
				BED42ADF2528D4E4007E8E21 /* UIViewController+Extension.swift in Sources */,
				BE08E48E2527A43A00C98E3F /* ProductViewControllersFactory.swift in Sources */,
				BE08E4A72527D17300C98E3F /* ProductTableViewCell.swift in Sources */,
				BE08E47925279FBC00C98E3F /* AppCoordinator.swift in Sources */,
				BED42AC22528C0BC007E8E21 /* Product.swift in Sources */,
				BED42AFE2529255A007E8E21 /* ProductDetailViewController.swift in Sources */,
				BED42AB52528B7F3007E8E21 /* NetworkProductUseCase.swift in Sources */,
				BED42ACA2528C13F007E8E21 /* ProductResponse.swift in Sources */,
				BE08E4712527670700C98E3F /* BaseCoordinator.swift in Sources */,
				BE08E4802527A22B00C98E3F /* ProductViewController.swift in Sources */,
				BE08E40725273C6900C98E3F /* UIFont+Extension.swift in Sources */,
				BE08E40625273C6900C98E3F /* UIColor+Extension.swift in Sources */,
				BED42AAF2528A4B1007E8E21 /* ProductUseCase.swift in Sources */,
			);
			runOnlyForDeploymentPostprocessing = 0;
		};
		BEA1E8ED252668FD003FF066 /* Sources */ = {
			isa = PBXSourcesBuildPhase;
			buildActionMask = 2147483647;
			files = (
				BEA1E8F6252668FD003FF066 /* YogaProductsTests.swift in Sources */,
			);
			runOnlyForDeploymentPostprocessing = 0;
		};
		BEA1E8F8252668FD003FF066 /* Sources */ = {
			isa = PBXSourcesBuildPhase;
			buildActionMask = 2147483647;
			files = (
				BEA1E901252668FD003FF066 /* YogaProductsUITests.swift in Sources */,
			);
			runOnlyForDeploymentPostprocessing = 0;
		};
/* End PBXSourcesBuildPhase section */

/* Begin PBXTargetDependency section */
		BEA1E8F3252668FD003FF066 /* PBXTargetDependency */ = {
			isa = PBXTargetDependency;
			target = BEA1E8DA252668FB003FF066 /* YogaProducts */;
			targetProxy = BEA1E8F2252668FD003FF066 /* PBXContainerItemProxy */;
		};
		BEA1E8FE252668FD003FF066 /* PBXTargetDependency */ = {
			isa = PBXTargetDependency;
			target = BEA1E8DA252668FB003FF066 /* YogaProducts */;
			targetProxy = BEA1E8FD252668FD003FF066 /* PBXContainerItemProxy */;
		};
/* End PBXTargetDependency section */

/* Begin PBXVariantGroup section */
		BEA1E8E9252668FD003FF066 /* LaunchScreen.storyboard */ = {
			isa = PBXVariantGroup;
			children = (
				BEA1E8EA252668FD003FF066 /* Base */,
			);
			name = LaunchScreen.storyboard;
			sourceTree = "<group>";
		};
/* End PBXVariantGroup section */

/* Begin XCBuildConfiguration section */
		BEA1E903252668FD003FF066 /* Debug */ = {
			isa = XCBuildConfiguration;
			buildSettings = {
				ALWAYS_SEARCH_USER_PATHS = NO;
				CLANG_ANALYZER_NONNULL = YES;
				CLANG_ANALYZER_NUMBER_OBJECT_CONVERSION = YES_AGGRESSIVE;
				CLANG_CXX_LANGUAGE_STANDARD = "gnu++14";
				CLANG_CXX_LIBRARY = "libc++";
				CLANG_ENABLE_MODULES = YES;
				CLANG_ENABLE_OBJC_ARC = YES;
				CLANG_ENABLE_OBJC_WEAK = YES;
				CLANG_WARN_BLOCK_CAPTURE_AUTORELEASING = YES;
				CLANG_WARN_BOOL_CONVERSION = YES;
				CLANG_WARN_COMMA = YES;
				CLANG_WARN_CONSTANT_CONVERSION = YES;
				CLANG_WARN_DEPRECATED_OBJC_IMPLEMENTATIONS = YES;
				CLANG_WARN_DIRECT_OBJC_ISA_USAGE = YES_ERROR;
				CLANG_WARN_DOCUMENTATION_COMMENTS = YES;
				CLANG_WARN_EMPTY_BODY = YES;
				CLANG_WARN_ENUM_CONVERSION = YES;
				CLANG_WARN_INFINITE_RECURSION = YES;
				CLANG_WARN_INT_CONVERSION = YES;
				CLANG_WARN_NON_LITERAL_NULL_CONVERSION = YES;
				CLANG_WARN_OBJC_IMPLICIT_RETAIN_SELF = YES;
				CLANG_WARN_OBJC_LITERAL_CONVERSION = YES;
				CLANG_WARN_OBJC_ROOT_CLASS = YES_ERROR;
				CLANG_WARN_QUOTED_INCLUDE_IN_FRAMEWORK_HEADER = YES;
				CLANG_WARN_RANGE_LOOP_ANALYSIS = YES;
				CLANG_WARN_STRICT_PROTOTYPES = YES;
				CLANG_WARN_SUSPICIOUS_MOVE = YES;
				CLANG_WARN_UNGUARDED_AVAILABILITY = YES_AGGRESSIVE;
				CLANG_WARN_UNREACHABLE_CODE = YES;
				CLANG_WARN__DUPLICATE_METHOD_MATCH = YES;
				COPY_PHASE_STRIP = NO;
				DEBUG_INFORMATION_FORMAT = dwarf;
				ENABLE_STRICT_OBJC_MSGSEND = YES;
				ENABLE_TESTABILITY = YES;
				GCC_C_LANGUAGE_STANDARD = gnu11;
				GCC_DYNAMIC_NO_PIC = NO;
				GCC_NO_COMMON_BLOCKS = YES;
				GCC_OPTIMIZATION_LEVEL = 0;
				GCC_PREPROCESSOR_DEFINITIONS = (
					"DEBUG=1",
					"$(inherited)",
				);
				GCC_WARN_64_TO_32_BIT_CONVERSION = YES;
				GCC_WARN_ABOUT_RETURN_TYPE = YES_ERROR;
				GCC_WARN_UNDECLARED_SELECTOR = YES;
				GCC_WARN_UNINITIALIZED_AUTOS = YES_AGGRESSIVE;
				GCC_WARN_UNUSED_FUNCTION = YES;
				GCC_WARN_UNUSED_VARIABLE = YES;
				IPHONEOS_DEPLOYMENT_TARGET = 14.0;
				MTL_ENABLE_DEBUG_INFO = INCLUDE_SOURCE;
				MTL_FAST_MATH = YES;
				ONLY_ACTIVE_ARCH = YES;
				SDKROOT = iphoneos;
				SWIFT_ACTIVE_COMPILATION_CONDITIONS = DEBUG;
				SWIFT_OPTIMIZATION_LEVEL = "-Onone";
			};
			name = Debug;
		};
		BEA1E904252668FD003FF066 /* Release */ = {
			isa = XCBuildConfiguration;
			buildSettings = {
				ALWAYS_SEARCH_USER_PATHS = NO;
				CLANG_ANALYZER_NONNULL = YES;
				CLANG_ANALYZER_NUMBER_OBJECT_CONVERSION = YES_AGGRESSIVE;
				CLANG_CXX_LANGUAGE_STANDARD = "gnu++14";
				CLANG_CXX_LIBRARY = "libc++";
				CLANG_ENABLE_MODULES = YES;
				CLANG_ENABLE_OBJC_ARC = YES;
				CLANG_ENABLE_OBJC_WEAK = YES;
				CLANG_WARN_BLOCK_CAPTURE_AUTORELEASING = YES;
				CLANG_WARN_BOOL_CONVERSION = YES;
				CLANG_WARN_COMMA = YES;
				CLANG_WARN_CONSTANT_CONVERSION = YES;
				CLANG_WARN_DEPRECATED_OBJC_IMPLEMENTATIONS = YES;
				CLANG_WARN_DIRECT_OBJC_ISA_USAGE = YES_ERROR;
				CLANG_WARN_DOCUMENTATION_COMMENTS = YES;
				CLANG_WARN_EMPTY_BODY = YES;
				CLANG_WARN_ENUM_CONVERSION = YES;
				CLANG_WARN_INFINITE_RECURSION = YES;
				CLANG_WARN_INT_CONVERSION = YES;
				CLANG_WARN_NON_LITERAL_NULL_CONVERSION = YES;
				CLANG_WARN_OBJC_IMPLICIT_RETAIN_SELF = YES;
				CLANG_WARN_OBJC_LITERAL_CONVERSION = YES;
				CLANG_WARN_OBJC_ROOT_CLASS = YES_ERROR;
				CLANG_WARN_QUOTED_INCLUDE_IN_FRAMEWORK_HEADER = YES;
				CLANG_WARN_RANGE_LOOP_ANALYSIS = YES;
				CLANG_WARN_STRICT_PROTOTYPES = YES;
				CLANG_WARN_SUSPICIOUS_MOVE = YES;
				CLANG_WARN_UNGUARDED_AVAILABILITY = YES_AGGRESSIVE;
				CLANG_WARN_UNREACHABLE_CODE = YES;
				CLANG_WARN__DUPLICATE_METHOD_MATCH = YES;
				COPY_PHASE_STRIP = NO;
				DEBUG_INFORMATION_FORMAT = "dwarf-with-dsym";
				ENABLE_NS_ASSERTIONS = NO;
				ENABLE_STRICT_OBJC_MSGSEND = YES;
				GCC_C_LANGUAGE_STANDARD = gnu11;
				GCC_NO_COMMON_BLOCKS = YES;
				GCC_WARN_64_TO_32_BIT_CONVERSION = YES;
				GCC_WARN_ABOUT_RETURN_TYPE = YES_ERROR;
				GCC_WARN_UNDECLARED_SELECTOR = YES;
				GCC_WARN_UNINITIALIZED_AUTOS = YES_AGGRESSIVE;
				GCC_WARN_UNUSED_FUNCTION = YES;
				GCC_WARN_UNUSED_VARIABLE = YES;
				IPHONEOS_DEPLOYMENT_TARGET = 14.0;
				MTL_ENABLE_DEBUG_INFO = NO;
				MTL_FAST_MATH = YES;
				SDKROOT = iphoneos;
				SWIFT_COMPILATION_MODE = wholemodule;
				SWIFT_OPTIMIZATION_LEVEL = "-O";
				VALIDATE_PRODUCT = YES;
			};
			name = Release;
		};
		BEA1E906252668FD003FF066 /* Debug */ = {
			isa = XCBuildConfiguration;
			buildSettings = {
				ASSETCATALOG_COMPILER_APPICON_NAME = AppIcon;
				ASSETCATALOG_COMPILER_GLOBAL_ACCENT_COLOR_NAME = AccentColor;
				CODE_SIGN_STYLE = Automatic;
				INFOPLIST_FILE = YogaProducts/Resources/Info.plist;
				LD_RUNPATH_SEARCH_PATHS = (
					"$(inherited)",
					"@executable_path/Frameworks",
				);
				PRODUCT_BUNDLE_IDENTIFIER = hr.personal.YogaProducts;
				PRODUCT_NAME = "$(TARGET_NAME)";
				SWIFT_VERSION = 5.0;
				TARGETED_DEVICE_FAMILY = "1,2";
			};
			name = Debug;
		};
		BEA1E907252668FD003FF066 /* Release */ = {
			isa = XCBuildConfiguration;
			buildSettings = {
				ASSETCATALOG_COMPILER_APPICON_NAME = AppIcon;
				ASSETCATALOG_COMPILER_GLOBAL_ACCENT_COLOR_NAME = AccentColor;
				CODE_SIGN_STYLE = Automatic;
				INFOPLIST_FILE = YogaProducts/Resources/Info.plist;
				LD_RUNPATH_SEARCH_PATHS = (
					"$(inherited)",
					"@executable_path/Frameworks",
				);
				PRODUCT_BUNDLE_IDENTIFIER = hr.personal.YogaProducts;
				PRODUCT_NAME = "$(TARGET_NAME)";
				SWIFT_VERSION = 5.0;
				TARGETED_DEVICE_FAMILY = "1,2";
			};
			name = Release;
		};
		BEA1E909252668FD003FF066 /* Debug */ = {
			isa = XCBuildConfiguration;
			buildSettings = {
				ALWAYS_EMBED_SWIFT_STANDARD_LIBRARIES = YES;
				BUNDLE_LOADER = "$(TEST_HOST)";
				CODE_SIGN_STYLE = Automatic;
				INFOPLIST_FILE = YogaProductsTests/Info.plist;
				IPHONEOS_DEPLOYMENT_TARGET = 14.0;
				LD_RUNPATH_SEARCH_PATHS = (
					"$(inherited)",
					"@executable_path/Frameworks",
					"@loader_path/Frameworks",
				);
				PRODUCT_BUNDLE_IDENTIFIER = hr.personal.YogaProductsTests;
				PRODUCT_NAME = "$(TARGET_NAME)";
				SWIFT_VERSION = 5.0;
				TARGETED_DEVICE_FAMILY = "1,2";
				TEST_HOST = "$(BUILT_PRODUCTS_DIR)/YogaProducts.app/YogaProducts";
			};
			name = Debug;
		};
		BEA1E90A252668FD003FF066 /* Release */ = {
			isa = XCBuildConfiguration;
			buildSettings = {
				ALWAYS_EMBED_SWIFT_STANDARD_LIBRARIES = YES;
				BUNDLE_LOADER = "$(TEST_HOST)";
				CODE_SIGN_STYLE = Automatic;
				INFOPLIST_FILE = YogaProductsTests/Info.plist;
				IPHONEOS_DEPLOYMENT_TARGET = 14.0;
				LD_RUNPATH_SEARCH_PATHS = (
					"$(inherited)",
					"@executable_path/Frameworks",
					"@loader_path/Frameworks",
				);
				PRODUCT_BUNDLE_IDENTIFIER = hr.personal.YogaProductsTests;
				PRODUCT_NAME = "$(TARGET_NAME)";
				SWIFT_VERSION = 5.0;
				TARGETED_DEVICE_FAMILY = "1,2";
				TEST_HOST = "$(BUILT_PRODUCTS_DIR)/YogaProducts.app/YogaProducts";
			};
			name = Release;
		};
		BEA1E90C252668FD003FF066 /* Debug */ = {
			isa = XCBuildConfiguration;
			buildSettings = {
				ALWAYS_EMBED_SWIFT_STANDARD_LIBRARIES = YES;
				CODE_SIGN_STYLE = Automatic;
				INFOPLIST_FILE = YogaProductsUITests/Info.plist;
				LD_RUNPATH_SEARCH_PATHS = (
					"$(inherited)",
					"@executable_path/Frameworks",
					"@loader_path/Frameworks",
				);
				PRODUCT_BUNDLE_IDENTIFIER = hr.personal.YogaProductsUITests;
				PRODUCT_NAME = "$(TARGET_NAME)";
				SWIFT_VERSION = 5.0;
				TARGETED_DEVICE_FAMILY = "1,2";
				TEST_TARGET_NAME = YogaProducts;
			};
			name = Debug;
		};
		BEA1E90D252668FD003FF066 /* Release */ = {
			isa = XCBuildConfiguration;
			buildSettings = {
				ALWAYS_EMBED_SWIFT_STANDARD_LIBRARIES = YES;
				CODE_SIGN_STYLE = Automatic;
				INFOPLIST_FILE = YogaProductsUITests/Info.plist;
				LD_RUNPATH_SEARCH_PATHS = (
					"$(inherited)",
					"@executable_path/Frameworks",
					"@loader_path/Frameworks",
				);
				PRODUCT_BUNDLE_IDENTIFIER = hr.personal.YogaProductsUITests;
				PRODUCT_NAME = "$(TARGET_NAME)";
				SWIFT_VERSION = 5.0;
				TARGETED_DEVICE_FAMILY = "1,2";
				TEST_TARGET_NAME = YogaProducts;
			};
			name = Release;
		};
/* End XCBuildConfiguration section */

/* Begin XCConfigurationList section */
		BEA1E8D6252668FB003FF066 /* Build configuration list for PBXProject "YogaProducts" */ = {
			isa = XCConfigurationList;
			buildConfigurations = (
				BEA1E903252668FD003FF066 /* Debug */,
				BEA1E904252668FD003FF066 /* Release */,
			);
			defaultConfigurationIsVisible = 0;
			defaultConfigurationName = Release;
		};
		BEA1E905252668FD003FF066 /* Build configuration list for PBXNativeTarget "YogaProducts" */ = {
			isa = XCConfigurationList;
			buildConfigurations = (
				BEA1E906252668FD003FF066 /* Debug */,
				BEA1E907252668FD003FF066 /* Release */,
			);
			defaultConfigurationIsVisible = 0;
			defaultConfigurationName = Release;
		};
		BEA1E908252668FD003FF066 /* Build configuration list for PBXNativeTarget "YogaProductsTests" */ = {
			isa = XCConfigurationList;
			buildConfigurations = (
				BEA1E909252668FD003FF066 /* Debug */,
				BEA1E90A252668FD003FF066 /* Release */,
			);
			defaultConfigurationIsVisible = 0;
			defaultConfigurationName = Release;
		};
		BEA1E90B252668FD003FF066 /* Build configuration list for PBXNativeTarget "YogaProductsUITests" */ = {
			isa = XCConfigurationList;
			buildConfigurations = (
				BEA1E90C252668FD003FF066 /* Debug */,
				BEA1E90D252668FD003FF066 /* Release */,
			);
			defaultConfigurationIsVisible = 0;
			defaultConfigurationName = Release;
		};
/* End XCConfigurationList section */

/* Begin XCRemoteSwiftPackageReference section */
		BED42AB92528B842007E8E21 /* XCRemoteSwiftPackageReference "Alamofire" */ = {
			isa = XCRemoteSwiftPackageReference;
			repositoryURL = "https://github.com/Alamofire/Alamofire.git";
			requirement = {
				kind = upToNextMajorVersion;
				minimumVersion = 5.2.2;
			};
		};
		BED42AE62528F823007E8E21 /* XCRemoteSwiftPackageReference "Swinject" */ = {
			isa = XCRemoteSwiftPackageReference;
			repositoryURL = "https://github.com/Swinject/Swinject";
			requirement = {
				kind = upToNextMajorVersion;
				minimumVersion = 2.7.1;
			};
		};
/* End XCRemoteSwiftPackageReference section */

/* Begin XCSwiftPackageProductDependency section */
		BED42ABA2528B842007E8E21 /* Alamofire */ = {
			isa = XCSwiftPackageProductDependency;
			package = BED42AB92528B842007E8E21 /* XCRemoteSwiftPackageReference "Alamofire" */;
			productName = Alamofire;
		};
		BED42AE72528F823007E8E21 /* Swinject */ = {
			isa = XCSwiftPackageProductDependency;
			package = BED42AE62528F823007E8E21 /* XCRemoteSwiftPackageReference "Swinject" */;
			productName = Swinject;
		};
/* End XCSwiftPackageProductDependency section */
	};
	rootObject = BEA1E8D3252668FB003FF066 /* Project object */;
}
